<?xml version="1.0" encoding="utf-8"?>
<Project ToolsVersion="4.0" xmlns="http://schemas.microsoft.com/developer/msbuild/2003">
  <ItemGroup>
    <ClCompile Include="..\Classes\AppDelegate.cpp" />
    <ClCompile Include="..\Classes\AudioEngine.cpp" />
    <ClCompile Include="..\Classes\Box.cpp" />
    <ClCompile Include="..\Classes\Exit.cpp" />
    <ClCompile Include="..\Classes\GameManager.cpp" />
    <ClCompile Include="..\Classes\GameOverScene.cpp" />
    <ClCompile Include="..\Classes\GameWinScene.cpp" />
    <ClCompile Include="..\Classes\HelloWorldScene.cpp" />
    <ClCompile Include="..\Classes\LevelSelect.cpp" />
    <ClCompile Include="..\Classes\MenuScene.cpp" />
    <ClCompile Include="..\Classes\Platforms.cpp" />
    <ClCompile Include="..\Classes\ScalingObject.cpp" />
    <ClCompile Include="..\Classes\Player.cpp" />
    <ClCompile Include="..\Classes\SceneManager.cpp" />
    <ClCompile Include="..\Classes\ScoreManager.cpp" />
    <ClCompile Include="..\Classes\SplashScreenScene.cpp" />
    <ClCompile Include="..\Classes\Switch.cpp" />
    <ClCompile Include="..\Classes\TouchManager.cpp" />
    <ClCompile Include="main.cpp" />
    <ClCompile Include="..\Classes\FloorButton.cpp" />
  </ItemGroup>
  <ItemGroup>
    <ClInclude Include="..\Classes\AppDelegate.h" />
    <ClInclude Include="..\Classes\AudioEngine.h" />
    <ClInclude Include="..\Classes\Box.h" />
    <ClInclude Include="..\Classes\Exit.h" />
    <ClInclude Include="..\Classes\GameManager.h" />
    <ClInclude Include="..\Classes\GameOverScene.h" />
    <ClInclude Include="..\Classes\GameWinScene.h" />
    <ClInclude Include="..\Classes\HelloWorldScene.h" />
    <ClInclude Include="..\Classes\LevelSelect.h" />
    <ClInclude Include="..\Classes\MenuScene.h" />
    <ClInclude Include="..\Classes\Platforms.h" />
    <ClInclude Include="..\Classes\ScalingObject.h" />
    <ClInclude Include="..\Classes\Player.h" />
    <ClInclude Include="..\Classes\SceneManager.h" />
    <ClInclude Include="..\Classes\ScoreManager.h" />
    <ClInclude Include="..\Classes\SplashScreenScene.h" />
    <ClInclude Include="..\Classes\Switch.h" />
    <ClInclude Include="..\Classes\TouchManager.h" />
    <ClInclude Include="Define.h" />
    <ClInclude Include="main.h" />
    <ClInclude Include="..\Classes\FloorButton.h" />
  </ItemGroup>
  <ItemGroup>
    <ResourceCompile Include="game.rc" />
  </ItemGroup>
</Project>